{
  "nodes": {
    "nixpkgs": {
      "locked": {
        "lastModified": 1779777192,
        "narHash": "sha256-ph34LtBCvQILvubia5tKOKFj9QvSXohl6l7PtDWIL08=",
        "owner": "NixOS",
        "repo": "nixpkgs",
        "rev": "aac1fdc5c2194817e8d6e1e34517958d4007c2c1",
        "type": "github"
      },
      "original": {
        "owner": "NixOS",
        "repo": "nixpkgs",
        "type": "github"
      }
    },
    "root": {
      "inputs": {
        "nixpkgs": "nixpkgs"
      }
    }
  },
  "root": "root",
  "version": 7
}
