{
  "nodes": {
    "nixpkgs": {
      "locked": {
        "lastModified": 1780050186,
        "narHash": "sha256-JRu1a6aG/erdv1lM4yyg75WveuV1FMoXpSY7PiGomzE=",
        "owner": "NixOS",
        "repo": "nixpkgs",
        "rev": "b67199c13005a697fa1bd22fe77804feecd8503b",
        "type": "github"
      },
      "original": {
        "owner": "NixOS",
        "repo": "nixpkgs",
        "type": "github"
      }
    },
    "root": {
      "inputs": {
        "nixpkgs": "nixpkgs"
      }
    }
  },
  "root": "root",
  "version": 7
}
