{
  "nodes": {
    "nixpkgs": {
      "locked": {
        "lastModified": 1779861559,
        "narHash": "sha256-NgL1S0ordvYDvoOU6YTKRuoG31pkh6K6aYNS8zmK8eA=",
        "owner": "NixOS",
        "repo": "nixpkgs",
        "rev": "674ab664999dd97463b2394cc7325d597c8e1cc5",
        "type": "github"
      },
      "original": {
        "owner": "NixOS",
        "repo": "nixpkgs",
        "type": "github"
      }
    },
    "root": {
      "inputs": {
        "nixpkgs": "nixpkgs"
      }
    }
  },
  "root": "root",
  "version": 7
}
